
Microsoft Visual Studio Solution File, Format Version 12.00
# Visual Studio Version 16
VisualStudioVersion = 16.0.29306.81
MinimumVisualStudioVersion = 10.0.40219.1
Project("{FAE04EC0-301F-11D3-BF4B-00C04F79EFBC}") = "OrderApp.API", "src\OrderApp.API\OrderApp.API.csproj", "{28430E90-844D-4038-B9D9-8AA4B786BCEB}"
EndProject
Project("{FAE04EC0-301F-11D3-BF4B-00C04F79EFBC}") = "OrderApp.Domain", "src\OrderApp.Domain\OrderApp.Domain.csproj", "{325906E3-21D0-46C0-B448-F3893CC2A0EC}"
EndProject
Project("{FAE04EC0-301F-11D3-BF4B-00C04F79EFBC}") = "OrderApp.Infrastructure", "src\OrderApp.Infrastructure\OrderApp.Infrastructure.csproj", "{19E16380-0155-4C8B-9419-D2EEA52A6FF7}"
EndProject
Global
	GlobalSection(SolutionConfigurationPlatforms) = preSolution
		Debug|Any CPU = Debug|Any CPU
		Release|Any CPU = Release|Any CPU
	EndGlobalSection
	GlobalSection(ProjectConfigurationPlatforms) = postSolution
		{28430E90-844D-4038-B9D9-8AA4B786BCEB}.Debug|Any CPU.ActiveCfg = Debug|Any CPU
		{28430E90-844D-4038-B9D9-8AA4B786BCEB}.Debug|Any CPU.Build.0 = Debug|Any CPU
		{28430E90-844D-4038-B9D9-8AA4B786BCEB}.Release|Any CPU.ActiveCfg = Release|Any CPU
		{28430E90-844D-4038-B9D9-8AA4B786BCEB}.Release|Any CPU.Build.0 = Release|Any CPU
		{325906E3-21D0-46C0-B448-F3893CC2A0EC}.Debug|Any CPU.ActiveCfg = Debug|Any CPU
		{325906E3-21D0-46C0-B448-F3893CC2A0EC}.Debug|Any CPU.Build.0 = Debug|Any CPU
		{325906E3-21D0-46C0-B448-F3893CC2A0EC}.Release|Any CPU.ActiveCfg = Release|Any CPU
		{325906E3-21D0-46C0-B448-F3893CC2A0EC}.Release|Any CPU.Build.0 = Release|Any CPU
		{19E16380-0155-4C8B-9419-D2EEA52A6FF7}.Debug|Any CPU.ActiveCfg = Debug|Any CPU
		{19E16380-0155-4C8B-9419-D2EEA52A6FF7}.Debug|Any CPU.Build.0 = Debug|Any CPU
		{19E16380-0155-4C8B-9419-D2EEA52A6FF7}.Release|Any CPU.ActiveCfg = Release|Any CPU
		{19E16380-0155-4C8B-9419-D2EEA52A6FF7}.Release|Any CPU.Build.0 = Release|Any CPU
	EndGlobalSection
	GlobalSection(SolutionProperties) = preSolution
		HideSolutionNode = FALSE
	EndGlobalSection
	GlobalSection(ExtensibilityGlobals) = postSolution
		SolutionGuid = {B99ECFE2-DA96-4966-82A3-C251F6917433}
	EndGlobalSection
EndGlobal
